
Microsoft Visual Studio Solution File, Format Version 12.00
# Visual Studio Version 16
VisualStudioVersion = 16.0.30621.155
MinimumVisualStudioVersion = 10.0.40219.1
Project("{9A19103F-16F7-4668-BE54-9A1E7A4F7556}") = "IDMAPI", "IDMAPI.csproj", "{61E23313-4074-41B5-BD18-7224D8A9A127}"
EndProject
Global
	GlobalSection(SolutionConfigurationPlatforms) = preSolution
		Debug|Any CPU = Debug|Any CPU
		Release|Any CPU = Release|Any CPU
	EndGlobalSection
	GlobalSection(ProjectConfigurationPlatforms) = postSolution
		{61E23313-4074-41B5-BD18-7224D8A9A127}.Debug|Any CPU.ActiveCfg = Debug|Any CPU
		{61E23313-4074-41B5-BD18-7224D8A9A127}.Debug|Any CPU.Build.0 = Debug|Any CPU
		{61E23313-4074-41B5-BD18-7224D8A9A127}.Release|Any CPU.ActiveCfg = Release|Any CPU
		{61E23313-4074-41B5-BD18-7224D8A9A127}.Release|Any CPU.Build.0 = Release|Any CPU
	EndGlobalSection
	GlobalSection(SolutionProperties) = preSolution
		HideSolutionNode = FALSE
	EndGlobalSection
	GlobalSection(ExtensibilityGlobals) = postSolution
		SolutionGuid = {394F0130-969D-4F44-8635-3A29624B4CA3}
	EndGlobalSection
EndGlobal
